// !$*UTF8*$!
{
	archiveVersion = 1;
	classes = {
	};
	objectVersion = 56;
	objects = {

/* Begin PBXBuildFile section */
		A810DC582A03DDE600314DD0 /* PlanetStoreSpecs.swift in Sources */ = {isa = PBXBuildFile; fileRef = A810DC572A03DDE600314DD0 /* PlanetStoreSpecs.swift */; };
		A810DC5A2A03EE1A00314DD0 /* XCTestCase+PlanetStoreSpecs.swift in Sources */ = {isa = PBXBuildFile; fileRef = A810DC592A03EE1A00314DD0 /* XCTestCase+PlanetStoreSpecs.swift */; };
		A810DC5C2A03EE9200314DD0 /* PlanetCacheTestHelpers.swift in Sources */ = {isa = PBXBuildFile; fileRef = A810DC5B2A03EE9200314DD0 /* PlanetCacheTestHelpers.swift */; };
		A810DC5E2A049B4800314DD0 /* CoreDataPlanetStoreTests.swift in Sources */ = {isa = PBXBuildFile; fileRef = A810DC5D2A049B4800314DD0 /* CoreDataPlanetStoreTests.swift */; };
		A810DC602A049BEE00314DD0 /* CachePlanetUseCaseTests.swift in Sources */ = {isa = PBXBuildFile; fileRef = A810DC5F2A049BEE00314DD0 /* CachePlanetUseCaseTests.swift */; };
		A810DC632A049CA100314DD0 /* PlanetStoreSpy.swift in Sources */ = {isa = PBXBuildFile; fileRef = A810DC622A049CA100314DD0 /* PlanetStoreSpy.swift */; };
		A810DC652A04A76A00314DD0 /* LocalPlanetLoader.swift in Sources */ = {isa = PBXBuildFile; fileRef = A810DC642A04A76A00314DD0 /* LocalPlanetLoader.swift */; };
		A810DC672A04CB6600314DD0 /* URLTransformer.swift in Sources */ = {isa = PBXBuildFile; fileRef = A810DC662A04CB6600314DD0 /* URLTransformer.swift */; };
		A858117729FBAA4500406187 /* AppDelegate.swift in Sources */ = {isa = PBXBuildFile; fileRef = A858117629FBAA4500406187 /* AppDelegate.swift */; };
		A858117929FBAA4500406187 /* SceneDelegate.swift in Sources */ = {isa = PBXBuildFile; fileRef = A858117829FBAA4500406187 /* SceneDelegate.swift */; };
		A858117E29FBAA4500406187 /* Main.storyboard in Resources */ = {isa = PBXBuildFile; fileRef = A858117C29FBAA4500406187 /* Main.storyboard */; };
		A858118129FBAA4500406187 /* JPMCChallenge.xcdatamodeld in Sources */ = {isa = PBXBuildFile; fileRef = A858117F29FBAA4500406187 /* JPMCChallenge.xcdatamodeld */; };
		A858118329FBAA4600406187 /* Assets.xcassets in Resources */ = {isa = PBXBuildFile; fileRef = A858118229FBAA4600406187 /* Assets.xcassets */; };
		A858118629FBAA4600406187 /* LaunchScreen.storyboard in Resources */ = {isa = PBXBuildFile; fileRef = A858118429FBAA4600406187 /* LaunchScreen.storyboard */; };
		A858119B29FBAA4600406187 /* JPMCChallengeUITests.swift in Sources */ = {isa = PBXBuildFile; fileRef = A858119A29FBAA4600406187 /* JPMCChallengeUITests.swift */; };
		A858119D29FBAA4600406187 /* JPMCChallengeUITestsLaunchTests.swift in Sources */ = {isa = PBXBuildFile; fileRef = A858119C29FBAA4600406187 /* JPMCChallengeUITestsLaunchTests.swift */; };
		A8A5E46B29FCD77D002ACC4D /* HTTPClient.swift in Sources */ = {isa = PBXBuildFile; fileRef = A8A5E46A29FCD77D002ACC4D /* HTTPClient.swift */; };
		A8A5E47129FCDBBF002ACC4D /* URLProtocolStub.swift in Sources */ = {isa = PBXBuildFile; fileRef = A8A5E47029FCDBBF002ACC4D /* URLProtocolStub.swift */; };
		A8A5E47429FCDC34002ACC4D /* URLSessionHTTPClient.swift in Sources */ = {isa = PBXBuildFile; fileRef = A8A5E47329FCDC34002ACC4D /* URLSessionHTTPClient.swift */; };
		A8A5E47829FCDDA3002ACC4D /* URLSessionHTTPClientTests.swift in Sources */ = {isa = PBXBuildFile; fileRef = A8A5E47729FCDDA3002ACC4D /* URLSessionHTTPClientTests.swift */; };
		A8A5E47B29FCDDDF002ACC4D /* SharedTestHelpers.swift in Sources */ = {isa = PBXBuildFile; fileRef = A8A5E47A29FCDDDF002ACC4D /* SharedTestHelpers.swift */; };
		A8A5E47D29FCDE14002ACC4D /* XCTestCase+MemoryLeakTracking.swift in Sources */ = {isa = PBXBuildFile; fileRef = A8A5E47C29FCDE14002ACC4D /* XCTestCase+MemoryLeakTracking.swift */; };
		A8A5E48029FCE09F002ACC4D /* PlanetItemsMapper.swift in Sources */ = {isa = PBXBuildFile; fileRef = A8A5E47F29FCE09F002ACC4D /* PlanetItemsMapper.swift */; };
		A8A5E48329FCEB9F002ACC4D /* Planet.swift in Sources */ = {isa = PBXBuildFile; fileRef = A8A5E48229FCEB9F002ACC4D /* Planet.swift */; };
		A8A5E48629FCF8D4002ACC4D /* HTTPURLResponse+StatusCode.swift in Sources */ = {isa = PBXBuildFile; fileRef = A8A5E48529FCF8D4002ACC4D /* HTTPURLResponse+StatusCode.swift */; };
		A8A5E48829FE2C83002ACC4D /* PlanetLoader.swift in Sources */ = {isa = PBXBuildFile; fileRef = A8A5E48729FE2C83002ACC4D /* PlanetLoader.swift */; };
		A8A5E48A29FE2D37002ACC4D /* RemotePlanetLoader.swift in Sources */ = {isa = PBXBuildFile; fileRef = A8A5E48929FE2D37002ACC4D /* RemotePlanetLoader.swift */; };
		A8A5E48D29FE3002002ACC4D /* RemotePlanetLoaderTests.swift in Sources */ = {isa = PBXBuildFile; fileRef = A8A5E48C29FE3002002ACC4D /* RemotePlanetLoaderTests.swift */; };
		A8CA229A29FFA4BF001EE086 /* PlanetListViewController.swift in Sources */ = {isa = PBXBuildFile; fileRef = A8CA229929FFA4BF001EE086 /* PlanetListViewController.swift */; };
		A8CA229E29FFA8DF001EE086 /* PlanetListViewTableViewCell.swift in Sources */ = {isa = PBXBuildFile; fileRef = A8CA229D29FFA8DF001EE086 /* PlanetListViewTableViewCell.swift */; };
		A8CA22A429FFAF52001EE086 /* PlanetList.strings in Resources */ = {isa = PBXBuildFile; fileRef = A8CA22A629FFAF52001EE086 /* PlanetList.strings */; };
		A8CA22AA29FFBC6C001EE086 /* Localized.swift in Sources */ = {isa = PBXBuildFile; fileRef = A8CA22A929FFBC6C001EE086 /* Localized.swift */; };
		A8CA22AC29FFD30E001EE086 /* Localized+PlanetList.swift in Sources */ = {isa = PBXBuildFile; fileRef = A8CA22AB29FFD30E001EE086 /* Localized+PlanetList.swift */; };
		A8CA22AF29FFFC7D001EE086 /* PlanetUIComposer.swift in Sources */ = {isa = PBXBuildFile; fileRef = A8CA22AE29FFFC7D001EE086 /* PlanetUIComposer.swift */; };
		A8CA22B129FFFCFE001EE086 /* PlanetListViewModel.swift in Sources */ = {isa = PBXBuildFile; fileRef = A8CA22B029FFFCFE001EE086 /* PlanetListViewModel.swift */; };
		A8CA22B32A00BD35001EE086 /* MainQueueDispatchDecorator.swift in Sources */ = {isa = PBXBuildFile; fileRef = A8CA22B22A00BD35001EE086 /* MainQueueDispatchDecorator.swift */; };
		A8CA22B82A0102E5001EE086 /* UITableView+HeaderSizing.swift in Sources */ = {isa = PBXBuildFile; fileRef = A8CA22B72A0102E5001EE086 /* UITableView+HeaderSizing.swift */; };
		A8CA22BA2A01046B001EE086 /* PlanetViewModel.swift in Sources */ = {isa = PBXBuildFile; fileRef = A8CA22B92A01046B001EE086 /* PlanetViewModel.swift */; };
		A8CA22BE2A025799001EE086 /* PlanetCellController.swift in Sources */ = {isa = PBXBuildFile; fileRef = A8CA22BD2A025799001EE086 /* PlanetCellController.swift */; };
		A8CA22C02A025A90001EE086 /* UITableView+Dequeueing.swift in Sources */ = {isa = PBXBuildFile; fileRef = A8CA22BF2A025A90001EE086 /* UITableView+Dequeueing.swift */; };
		A8CA22C52A03792B001EE086 /* PlanetStore.xcdatamodeld in Sources */ = {isa = PBXBuildFile; fileRef = A8CA22C32A03792B001EE086 /* PlanetStore.xcdatamodeld */; };
		A8CA22CB2A039942001EE086 /* ManagedPlanet.swift in Sources */ = {isa = PBXBuildFile; fileRef = A8CA22CA2A039942001EE086 /* ManagedPlanet.swift */; };
		A8CA22CD2A03A6E0001EE086 /* LocalPlanet.swift in Sources */ = {isa = PBXBuildFile; fileRef = A8CA22CC2A03A6E0001EE086 /* LocalPlanet.swift */; };
		A8CA22CF2A03AD36001EE086 /* CoreDataPlanetStore.swift in Sources */ = {isa = PBXBuildFile; fileRef = A8CA22CE2A03AD35001EE086 /* CoreDataPlanetStore.swift */; };
		A8CA22D12A03AF14001EE086 /* CoreDataHelpers.swift in Sources */ = {isa = PBXBuildFile; fileRef = A8CA22D02A03AF14001EE086 /* CoreDataHelpers.swift */; };
		A8CA22D52A03AF74001EE086 /* PlanetStore.swift in Sources */ = {isa = PBXBuildFile; fileRef = A8CA22D42A03AF74001EE086 /* PlanetStore.swift */; };
		A8CA22D72A03B3DA001EE086 /* ManagedCache.swift in Sources */ = {isa = PBXBuildFile; fileRef = A8CA22D62A03B3DA001EE086 /* ManagedCache.swift */; };
/* End PBXBuildFile section */

/* Begin PBXContainerItemProxy section */
		A858118D29FBAA4600406187 /* PBXContainerItemProxy */ = {
			isa = PBXContainerItemProxy;
			containerPortal = A858116B29FBAA4500406187 /* Project object */;
			proxyType = 1;
			remoteGlobalIDString = A858117229FBAA4500406187;
			remoteInfo = JPMCChallenge;
		};
		A858119729FBAA4600406187 /* PBXContainerItemProxy */ = {
			isa = PBXContainerItemProxy;
			containerPortal = A858116B29FBAA4500406187 /* Project object */;
			proxyType = 1;
			remoteGlobalIDString = A858117229FBAA4500406187;
			remoteInfo = JPMCChallenge;
		};
/* End PBXContainerItemProxy section */

/* Begin PBXFileReference section */
		A810DC572A03DDE600314DD0 /* PlanetStoreSpecs.swift */ = {isa = PBXFileReference; lastKnownFileType = sourcecode.swift; path = PlanetStoreSpecs.swift; sourceTree = "<group>"; };
		A810DC592A03EE1A00314DD0 /* XCTestCase+PlanetStoreSpecs.swift */ = {isa = PBXFileReference; lastKnownFileType = sourcecode.swift; path = "XCTestCase+PlanetStoreSpecs.swift"; sourceTree = "<group>"; };
		A810DC5B2A03EE9200314DD0 /* PlanetCacheTestHelpers.swift */ = {isa = PBXFileReference; lastKnownFileType = sourcecode.swift; path = PlanetCacheTestHelpers.swift; sourceTree = "<group>"; };
		A810DC5D2A049B4800314DD0 /* CoreDataPlanetStoreTests.swift */ = {isa = PBXFileReference; lastKnownFileType = sourcecode.swift; path = CoreDataPlanetStoreTests.swift; sourceTree = "<group>"; };
		A810DC5F2A049BEE00314DD0 /* CachePlanetUseCaseTests.swift */ = {isa = PBXFileReference; lastKnownFileType = sourcecode.swift; path = CachePlanetUseCaseTests.swift; sourceTree = "<group>"; };
		A810DC622A049CA100314DD0 /* PlanetStoreSpy.swift */ = {isa = PBXFileReference; lastKnownFileType = sourcecode.swift; path = PlanetStoreSpy.swift; sourceTree = "<group>"; };
		A810DC642A04A76A00314DD0 /* LocalPlanetLoader.swift */ = {isa = PBXFileReference; lastKnownFileType = sourcecode.swift; path = LocalPlanetLoader.swift; sourceTree = "<group>"; };
		A810DC662A04CB6600314DD0 /* URLTransformer.swift */ = {isa = PBXFileReference; lastKnownFileType = sourcecode.swift; path = URLTransformer.swift; sourceTree = "<group>"; };
		A858117329FBAA4500406187 /* JPMCChallenge.app */ = {isa = PBXFileReference; explicitFileType = wrapper.application; includeInIndex = 0; path = JPMCChallenge.app; sourceTree = BUILT_PRODUCTS_DIR; };
		A858117629FBAA4500406187 /* AppDelegate.swift */ = {isa = PBXFileReference; lastKnownFileType = sourcecode.swift; path = AppDelegate.swift; sourceTree = "<group>"; };
		A858117829FBAA4500406187 /* SceneDelegate.swift */ = {isa = PBXFileReference; lastKnownFileType = sourcecode.swift; path = SceneDelegate.swift; sourceTree = "<group>"; };
		A858117D29FBAA4500406187 /* Base */ = {isa = PBXFileReference; lastKnownFileType = file.storyboard; name = Base; path = Base.lproj/Main.storyboard; sourceTree = "<group>"; };
		A858118029FBAA4500406187 /* JPMCChallenge.xcdatamodel */ = {isa = PBXFileReference; lastKnownFileType = wrapper.xcdatamodel; path = JPMCChallenge.xcdatamodel; sourceTree = "<group>"; };
		A858118229FBAA4600406187 /* Assets.xcassets */ = {isa = PBXFileReference; lastKnownFileType = folder.assetcatalog; path = Assets.xcassets; sourceTree = "<group>"; };
		A858118529FBAA4600406187 /* Base */ = {isa = PBXFileReference; lastKnownFileType = file.storyboard; name = Base; path = Base.lproj/LaunchScreen.storyboard; sourceTree = "<group>"; };
		A858118729FBAA4600406187 /* Info.plist */ = {isa = PBXFileReference; lastKnownFileType = text.plist.xml; path = Info.plist; sourceTree = "<group>"; };
		A858118C29FBAA4600406187 /* JPMCChallengeTests.xctest */ = {isa = PBXFileReference; explicitFileType = wrapper.cfbundle; includeInIndex = 0; path = JPMCChallengeTests.xctest; sourceTree = BUILT_PRODUCTS_DIR; };
		A858119629FBAA4600406187 /* JPMCChallengeUITests.xctest */ = {isa = PBXFileReference; explicitFileType = wrapper.cfbundle; includeInIndex = 0; path = JPMCChallengeUITests.xctest; sourceTree = BUILT_PRODUCTS_DIR; };
		A858119A29FBAA4600406187 /* JPMCChallengeUITests.swift */ = {isa = PBXFileReference; lastKnownFileType = sourcecode.swift; path = JPMCChallengeUITests.swift; sourceTree = "<group>"; };
		A858119C29FBAA4600406187 /* JPMCChallengeUITestsLaunchTests.swift */ = {isa = PBXFileReference; lastKnownFileType = sourcecode.swift; path = JPMCChallengeUITestsLaunchTests.swift; sourceTree = "<group>"; };
		A8A5E46A29FCD77D002ACC4D /* HTTPClient.swift */ = {isa = PBXFileReference; lastKnownFileType = sourcecode.swift; path = HTTPClient.swift; sourceTree = "<group>"; };
		A8A5E47029FCDBBF002ACC4D /* URLProtocolStub.swift */ = {isa = PBXFileReference; lastKnownFileType = sourcecode.swift; path = URLProtocolStub.swift; sourceTree = "<group>"; };
		A8A5E47329FCDC34002ACC4D /* URLSessionHTTPClient.swift */ = {isa = PBXFileReference; lastKnownFileType = sourcecode.swift; path = URLSessionHTTPClient.swift; sourceTree = "<group>"; };
		A8A5E47729FCDDA3002ACC4D /* URLSessionHTTPClientTests.swift */ = {isa = PBXFileReference; lastKnownFileType = sourcecode.swift; path = URLSessionHTTPClientTests.swift; sourceTree = "<group>"; };
		A8A5E47A29FCDDDF002ACC4D /* SharedTestHelpers.swift */ = {isa = PBXFileReference; lastKnownFileType = sourcecode.swift; path = SharedTestHelpers.swift; sourceTree = "<group>"; };
		A8A5E47C29FCDE14002ACC4D /* XCTestCase+MemoryLeakTracking.swift */ = {isa = PBXFileReference; lastKnownFileType = sourcecode.swift; path = "XCTestCase+MemoryLeakTracking.swift"; sourceTree = "<group>"; };
		A8A5E47F29FCE09F002ACC4D /* PlanetItemsMapper.swift */ = {isa = PBXFileReference; lastKnownFileType = sourcecode.swift; path = PlanetItemsMapper.swift; sourceTree = "<group>"; };
		A8A5E48229FCEB9F002ACC4D /* Planet.swift */ = {isa = PBXFileReference; lastKnownFileType = sourcecode.swift; path = Planet.swift; sourceTree = "<group>"; };
		A8A5E48529FCF8D4002ACC4D /* HTTPURLResponse+StatusCode.swift */ = {isa = PBXFileReference; lastKnownFileType = sourcecode.swift; path = "HTTPURLResponse+StatusCode.swift"; sourceTree = "<group>"; };
		A8A5E48729FE2C83002ACC4D /* PlanetLoader.swift */ = {isa = PBXFileReference; lastKnownFileType = sourcecode.swift; path = PlanetLoader.swift; sourceTree = "<group>"; };
		A8A5E48929FE2D37002ACC4D /* RemotePlanetLoader.swift */ = {isa = PBXFileReference; lastKnownFileType = sourcecode.swift; path = RemotePlanetLoader.swift; sourceTree = "<group>"; };
		A8A5E48C29FE3002002ACC4D /* RemotePlanetLoaderTests.swift */ = {isa = PBXFileReference; lastKnownFileType = sourcecode.swift; path = RemotePlanetLoaderTests.swift; sourceTree = "<group>"; };
		A8CA229929FFA4BF001EE086 /* PlanetListViewController.swift */ = {isa = PBXFileReference; lastKnownFileType = sourcecode.swift; path = PlanetListViewController.swift; sourceTree = "<group>"; };
		A8CA229D29FFA8DF001EE086 /* PlanetListViewTableViewCell.swift */ = {isa = PBXFileReference; lastKnownFileType = sourcecode.swift; path = PlanetListViewTableViewCell.swift; sourceTree = "<group>"; };
		A8CA22A029FFAEEF001EE086 /* zh-Hans */ = {isa = PBXFileReference; lastKnownFileType = text.plist.strings; name = "zh-Hans"; path = "zh-Hans.lproj/Main.strings"; sourceTree = "<group>"; };
		A8CA22A129FFAEEF001EE086 /* zh-Hans */ = {isa = PBXFileReference; lastKnownFileType = text.plist.strings; name = "zh-Hans"; path = "zh-Hans.lproj/LaunchScreen.strings"; sourceTree = "<group>"; };
		A8CA22A529FFAF52001EE086 /* en */ = {isa = PBXFileReference; lastKnownFileType = text.plist.strings; name = en; path = en.lproj/PlanetList.strings; sourceTree = "<group>"; };
		A8CA22A729FFAF54001EE086 /* zh-Hans */ = {isa = PBXFileReference; lastKnownFileType = text.plist.strings; name = "zh-Hans"; path = "zh-Hans.lproj/PlanetList.strings"; sourceTree = "<group>"; };
		A8CA22A929FFBC6C001EE086 /* Localized.swift */ = {isa = PBXFileReference; lastKnownFileType = sourcecode.swift; path = Localized.swift; sourceTree = "<group>"; };
		A8CA22AB29FFD30E001EE086 /* Localized+PlanetList.swift */ = {isa = PBXFileReference; lastKnownFileType = sourcecode.swift; path = "Localized+PlanetList.swift"; sourceTree = "<group>"; };
		A8CA22AE29FFFC7D001EE086 /* PlanetUIComposer.swift */ = {isa = PBXFileReference; lastKnownFileType = sourcecode.swift; path = PlanetUIComposer.swift; sourceTree = "<group>"; };
		A8CA22B029FFFCFE001EE086 /* PlanetListViewModel.swift */ = {isa = PBXFileReference; lastKnownFileType = sourcecode.swift; path = PlanetListViewModel.swift; sourceTree = "<group>"; };
		A8CA22B22A00BD35001EE086 /* MainQueueDispatchDecorator.swift */ = {isa = PBXFileReference; lastKnownFileType = sourcecode.swift; path = MainQueueDispatchDecorator.swift; sourceTree = "<group>"; };
		A8CA22B72A0102E5001EE086 /* UITableView+HeaderSizing.swift */ = {isa = PBXFileReference; lastKnownFileType = sourcecode.swift; path = "UITableView+HeaderSizing.swift"; sourceTree = "<group>"; };
		A8CA22B92A01046B001EE086 /* PlanetViewModel.swift */ = {isa = PBXFileReference; lastKnownFileType = sourcecode.swift; path = PlanetViewModel.swift; sourceTree = "<group>"; };
		A8CA22BD2A025799001EE086 /* PlanetCellController.swift */ = {isa = PBXFileReference; lastKnownFileType = sourcecode.swift; path = PlanetCellController.swift; sourceTree = "<group>"; };
		A8CA22BF2A025A90001EE086 /* UITableView+Dequeueing.swift */ = {isa = PBXFileReference; lastKnownFileType = sourcecode.swift; path = "UITableView+Dequeueing.swift"; sourceTree = "<group>"; };
		A8CA22C42A03792B001EE086 /* CoreDataPlanetStore.xcdatamodel */ = {isa = PBXFileReference; lastKnownFileType = wrapper.xcdatamodel; path = CoreDataPlanetStore.xcdatamodel; sourceTree = "<group>"; };
		A8CA22CA2A039942001EE086 /* ManagedPlanet.swift */ = {isa = PBXFileReference; lastKnownFileType = sourcecode.swift; path = ManagedPlanet.swift; sourceTree = "<group>"; };
		A8CA22CC2A03A6E0001EE086 /* LocalPlanet.swift */ = {isa = PBXFileReference; lastKnownFileType = sourcecode.swift; path = LocalPlanet.swift; sourceTree = "<group>"; };
		A8CA22CE2A03AD35001EE086 /* CoreDataPlanetStore.swift */ = {isa = PBXFileReference; lastKnownFileType = sourcecode.swift; path = CoreDataPlanetStore.swift; sourceTree = "<group>"; };
		A8CA22D02A03AF14001EE086 /* CoreDataHelpers.swift */ = {isa = PBXFileReference; lastKnownFileType = sourcecode.swift; path = CoreDataHelpers.swift; sourceTree = "<group>"; };
		A8CA22D42A03AF74001EE086 /* PlanetStore.swift */ = {isa = PBXFileReference; lastKnownFileType = sourcecode.swift; path = PlanetStore.swift; sourceTree = "<group>"; };
		A8CA22D62A03B3DA001EE086 /* ManagedCache.swift */ = {isa = PBXFileReference; lastKnownFileType = sourcecode.swift; path = ManagedCache.swift; sourceTree = "<group>"; };
/* End PBXFileReference section */

/* Begin PBXFrameworksBuildPhase section */
		A858117029FBAA4500406187 /* Frameworks */ = {
			isa = PBXFrameworksBuildPhase;
			buildActionMask = 2147483647;
			files = (
			);
			runOnlyForDeploymentPostprocessing = 0;
		};
		A858118929FBAA4600406187 /* Frameworks */ = {
			isa = PBXFrameworksBuildPhase;
			buildActionMask = 2147483647;
			files = (
			);
			runOnlyForDeploymentPostprocessing = 0;
		};
		A858119329FBAA4600406187 /* Frameworks */ = {
			isa = PBXFrameworksBuildPhase;
			buildActionMask = 2147483647;
			files = (
			);
			runOnlyForDeploymentPostprocessing = 0;
		};
/* End PBXFrameworksBuildPhase section */

/* Begin PBXGroup section */
		A810DC552A03DDBA00314DD0 /* Planet Cache */ = {
			isa = PBXGroup;
			children = (
				A810DC612A049C9100314DD0 /* Helpers */,
				A810DC562A03DDC800314DD0 /* PlanetStoreSpecs */,
				A810DC5B2A03EE9200314DD0 /* PlanetCacheTestHelpers.swift */,
				A810DC5D2A049B4800314DD0 /* CoreDataPlanetStoreTests.swift */,
				A810DC5F2A049BEE00314DD0 /* CachePlanetUseCaseTests.swift */,
			);
			path = "Planet Cache";
			sourceTree = "<group>";
		};
		A810DC562A03DDC800314DD0 /* PlanetStoreSpecs */ = {
			isa = PBXGroup;
			children = (
				A810DC572A03DDE600314DD0 /* PlanetStoreSpecs.swift */,
				A810DC592A03EE1A00314DD0 /* XCTestCase+PlanetStoreSpecs.swift */,
			);
			path = PlanetStoreSpecs;
			sourceTree = "<group>";
		};
		A810DC612A049C9100314DD0 /* Helpers */ = {
			isa = PBXGroup;
			children = (
				A810DC622A049CA100314DD0 /* PlanetStoreSpy.swift */,
			);
			path = Helpers;
			sourceTree = "<group>";
		};
		A858116A29FBAA4500406187 = {
			isa = PBXGroup;
			children = (
				A858117529FBAA4500406187 /* JPMCChallenge */,
				A858118F29FBAA4600406187 /* JPMCChallengeTests */,
				A858119929FBAA4600406187 /* JPMCChallengeUITests */,
				A858117429FBAA4500406187 /* Products */,
			);
			sourceTree = "<group>";
		};
		A858117429FBAA4500406187 /* Products */ = {
			isa = PBXGroup;
			children = (
				A858117329FBAA4500406187 /* JPMCChallenge.app */,
				A858118C29FBAA4600406187 /* JPMCChallengeTests.xctest */,
				A858119629FBAA4600406187 /* JPMCChallengeUITests.xctest */,
			);
			name = Products;
			sourceTree = "<group>";
		};
		A858117529FBAA4500406187 /* JPMCChallenge */ = {
			isa = PBXGroup;
			children = (
				A8CA22C12A03778E001EE086 /* Planet Cache */,
				A8CA22A829FFBC52001EE086 /* Shared Presentation */,
				A8CA229829FFA4B4001EE086 /* UI */,
				A8A5E48129FCEB8A002ACC4D /* Planet Feature */,
				A8A5E47E29FCE07A002ACC4D /* Planet API */,
				A8A5E47229FCDC16002ACC4D /* Shared API Infra */,
				A8A5E46929FCD76D002ACC4D /* Shared API */,
				A858117629FBAA4500406187 /* AppDelegate.swift */,
				A858117829FBAA4500406187 /* SceneDelegate.swift */,
				A858117C29FBAA4500406187 /* Main.storyboard */,
				A858118229FBAA4600406187 /* Assets.xcassets */,
				A858118429FBAA4600406187 /* LaunchScreen.storyboard */,
				A858118729FBAA4600406187 /* Info.plist */,
				A858117F29FBAA4500406187 /* JPMCChallenge.xcdatamodeld */,
			);
			path = JPMCChallenge;
			sourceTree = "<group>";
		};
		A858118F29FBAA4600406187 /* JPMCChallengeTests */ = {
			isa = PBXGroup;
			children = (
				A810DC552A03DDBA00314DD0 /* Planet Cache */,
				A8A5E48B29FE2FEF002ACC4D /* Planet API */,
				A8A5E47929FCDDD2002ACC4D /* Helpers */,
				A8A5E46F29FCDBB4002ACC4D /* Shared API Infra */,
			);
			path = JPMCChallengeTests;
			sourceTree = "<group>";
		};
		A858119929FBAA4600406187 /* JPMCChallengeUITests */ = {
			isa = PBXGroup;
			children = (
				A858119A29FBAA4600406187 /* JPMCChallengeUITests.swift */,
				A858119C29FBAA4600406187 /* JPMCChallengeUITestsLaunchTests.swift */,
			);
			path = JPMCChallengeUITests;
			sourceTree = "<group>";
		};
		A8A5E46929FCD76D002ACC4D /* Shared API */ = {
			isa = PBXGroup;
			children = (
				A8A5E46A29FCD77D002ACC4D /* HTTPClient.swift */,
			);
			path = "Shared API";
			sourceTree = "<group>";
		};
		A8A5E46F29FCDBB4002ACC4D /* Shared API Infra */ = {
			isa = PBXGroup;
			children = (
				A8A5E47629FCDD99002ACC4D /* Helpers */,
				A8A5E47729FCDDA3002ACC4D /* URLSessionHTTPClientTests.swift */,
			);
			path = "Shared API Infra";
			sourceTree = "<group>";
		};
		A8A5E47229FCDC16002ACC4D /* Shared API Infra */ = {
			isa = PBXGroup;
			children = (
				A8A5E47329FCDC34002ACC4D /* URLSessionHTTPClient.swift */,
			);
			path = "Shared API Infra";
			sourceTree = "<group>";
		};
		A8A5E47629FCDD99002ACC4D /* Helpers */ = {
			isa = PBXGroup;
			children = (
				A8A5E47029FCDBBF002ACC4D /* URLProtocolStub.swift */,
			);
			path = Helpers;
			sourceTree = "<group>";
		};
		A8A5E47929FCDDD2002ACC4D /* Helpers */ = {
			isa = PBXGroup;
			children = (
				A8A5E47A29FCDDDF002ACC4D /* SharedTestHelpers.swift */,
				A8A5E47C29FCDE14002ACC4D /* XCTestCase+MemoryLeakTracking.swift */,
			);
			path = Helpers;
			sourceTree = "<group>";
		};
		A8A5E47E29FCE07A002ACC4D /* Planet API */ = {
			isa = PBXGroup;
			children = (
				A8A5E48429FCF8CB002ACC4D /* Helpers */,
				A8A5E47F29FCE09F002ACC4D /* PlanetItemsMapper.swift */,
				A8A5E48929FE2D37002ACC4D /* RemotePlanetLoader.swift */,
			);
			path = "Planet API";
			sourceTree = "<group>";
		};
		A8A5E48129FCEB8A002ACC4D /* Planet Feature */ = {
			isa = PBXGroup;
			children = (
				A8A5E48229FCEB9F002ACC4D /* Planet.swift */,
				A8A5E48729FE2C83002ACC4D /* PlanetLoader.swift */,
			);
			path = "Planet Feature";
			sourceTree = "<group>";
		};
		A8A5E48429FCF8CB002ACC4D /* Helpers */ = {
			isa = PBXGroup;
			children = (
				A8A5E48529FCF8D4002ACC4D /* HTTPURLResponse+StatusCode.swift */,
			);
			path = Helpers;
			sourceTree = "<group>";
		};
		A8A5E48B29FE2FEF002ACC4D /* Planet API */ = {
			isa = PBXGroup;
			children = (
				A8A5E48C29FE3002002ACC4D /* RemotePlanetLoaderTests.swift */,
			);
			path = "Planet API";
			sourceTree = "<group>";
		};
		A8CA229829FFA4B4001EE086 /* UI */ = {
			isa = PBXGroup;
			children = (
				A8CA22B62A0102B2001EE086 /* Helpers */,
				A8CA22AD29FFFC5C001EE086 /* Composers */,
				A8CA229F29FFAED6001EE086 /* Presentation */,
				A8CA229C29FFA8C1001EE086 /* Views */,
				A8CA229B29FFA4C2001EE086 /* Controllers */,
			);
			path = UI;
			sourceTree = "<group>";
		};
		A8CA229B29FFA4C2001EE086 /* Controllers */ = {
			isa = PBXGroup;
			children = (
				A8CA229929FFA4BF001EE086 /* PlanetListViewController.swift */,
				A8CA22BD2A025799001EE086 /* PlanetCellController.swift */,
			);
			path = Controllers;
			sourceTree = "<group>";
		};
		A8CA229C29FFA8C1001EE086 /* Views */ = {
			isa = PBXGroup;
			children = (
				A8CA229D29FFA8DF001EE086 /* PlanetListViewTableViewCell.swift */,
			);
			path = Views;
			sourceTree = "<group>";
		};
		A8CA229F29FFAED6001EE086 /* Presentation */ = {
			isa = PBXGroup;
			children = (
				A8CA22A629FFAF52001EE086 /* PlanetList.strings */,
				A8CA22AB29FFD30E001EE086 /* Localized+PlanetList.swift */,
				A8CA22B029FFFCFE001EE086 /* PlanetListViewModel.swift */,
				A8CA22B92A01046B001EE086 /* PlanetViewModel.swift */,
			);
			path = Presentation;
			sourceTree = "<group>";
		};
		A8CA22A829FFBC52001EE086 /* Shared Presentation */ = {
			isa = PBXGroup;
			children = (
				A8CA22A929FFBC6C001EE086 /* Localized.swift */,
			);
			path = "Shared Presentation";
			sourceTree = "<group>";
		};
		A8CA22AD29FFFC5C001EE086 /* Composers */ = {
			isa = PBXGroup;
			children = (
				A8CA22AE29FFFC7D001EE086 /* PlanetUIComposer.swift */,
				A8CA22B22A00BD35001EE086 /* MainQueueDispatchDecorator.swift */,
			);
			path = Composers;
			sourceTree = "<group>";
		};
		A8CA22B62A0102B2001EE086 /* Helpers */ = {
			isa = PBXGroup;
			children = (
				A8CA22B72A0102E5001EE086 /* UITableView+HeaderSizing.swift */,
				A8CA22BF2A025A90001EE086 /* UITableView+Dequeueing.swift */,
			);
			path = Helpers;
			sourceTree = "<group>";
		};
		A8CA22C12A03778E001EE086 /* Planet Cache */ = {
			isa = PBXGroup;
			children = (
				A8CA22C22A03779E001EE086 /* CoreData */,
				A8CA22CC2A03A6E0001EE086 /* LocalPlanet.swift */,
				A8CA22D42A03AF74001EE086 /* PlanetStore.swift */,
				A810DC662A04CB6600314DD0 /* URLTransformer.swift */,
			);
			path = "Planet Cache";
			sourceTree = "<group>";
		};
		A8CA22C22A03779E001EE086 /* CoreData */ = {
			isa = PBXGroup;
			children = (
				A8CA22CA2A039942001EE086 /* ManagedPlanet.swift */,
				A8CA22D62A03B3DA001EE086 /* ManagedCache.swift */,
				A8CA22CE2A03AD35001EE086 /* CoreDataPlanetStore.swift */,
				A8CA22D02A03AF14001EE086 /* CoreDataHelpers.swift */,
				A8CA22C32A03792B001EE086 /* PlanetStore.xcdatamodeld */,
				A810DC642A04A76A00314DD0 /* LocalPlanetLoader.swift */,
			);
			path = CoreData;
			sourceTree = "<group>";
		};
/* End PBXGroup section */

/* Begin PBXNativeTarget section */
		A858117229FBAA4500406187 /* JPMCChallenge */ = {
			isa = PBXNativeTarget;
			buildConfigurationList = A85811A029FBAA4600406187 /* Build configuration list for PBXNativeTarget "JPMCChallenge" */;
			buildPhases = (
				A858116F29FBAA4500406187 /* Sources */,
				A858117029FBAA4500406187 /* Frameworks */,
				A858117129FBAA4500406187 /* Resources */,
			);
			buildRules = (
			);
			dependencies = (
			);
			name = JPMCChallenge;
			productName = JPMCChallenge;
			productReference = A858117329FBAA4500406187 /* JPMCChallenge.app */;
			productType = "com.apple.product-type.application";
		};
		A858118B29FBAA4600406187 /* JPMCChallengeTests */ = {
			isa = PBXNativeTarget;
			buildConfigurationList = A85811A329FBAA4600406187 /* Build configuration list for PBXNativeTarget "JPMCChallengeTests" */;
			buildPhases = (
				A858118829FBAA4600406187 /* Sources */,
				A858118929FBAA4600406187 /* Frameworks */,
				A858118A29FBAA4600406187 /* Resources */,
			);
			buildRules = (
			);
			dependencies = (
				A858118E29FBAA4600406187 /* PBXTargetDependency */,
			);
			name = JPMCChallengeTests;
			productName = JPMCChallengeTests;
			productReference = A858118C29FBAA4600406187 /* JPMCChallengeTests.xctest */;
			productType = "com.apple.product-type.bundle.unit-test";
		};
		A858119529FBAA4600406187 /* JPMCChallengeUITests */ = {
			isa = PBXNativeTarget;
			buildConfigurationList = A85811A629FBAA4600406187 /* Build configuration list for PBXNativeTarget "JPMCChallengeUITests" */;
			buildPhases = (
				A858119229FBAA4600406187 /* Sources */,
				A858119329FBAA4600406187 /* Frameworks */,
				A858119429FBAA4600406187 /* Resources */,
			);
			buildRules = (
			);
			dependencies = (
				A858119829FBAA4600406187 /* PBXTargetDependency */,
			);
			name = JPMCChallengeUITests;
			productName = JPMCChallengeUITests;
			productReference = A858119629FBAA4600406187 /* JPMCChallengeUITests.xctest */;
			productType = "com.apple.product-type.bundle.ui-testing";
		};
/* End PBXNativeTarget section */

/* Begin PBXProject section */
		A858116B29FBAA4500406187 /* Project object */ = {
			isa = PBXProject;
			attributes = {
				BuildIndependentTargetsInParallel = 1;
				LastSwiftUpdateCheck = 1420;
				LastUpgradeCheck = 1420;
				TargetAttributes = {
					A858117229FBAA4500406187 = {
						CreatedOnToolsVersion = 14.2;
					};
					A858118B29FBAA4600406187 = {
						CreatedOnToolsVersion = 14.2;
						TestTargetID = A858117229FBAA4500406187;
					};
					A858119529FBAA4600406187 = {
						CreatedOnToolsVersion = 14.2;
						TestTargetID = A858117229FBAA4500406187;
					};
				};
			};
			buildConfigurationList = A858116E29FBAA4500406187 /* Build configuration list for PBXProject "JPMCChallenge" */;
			compatibilityVersion = "Xcode 14.0";
			developmentRegion = en;
			hasScannedForEncodings = 0;
			knownRegions = (
				en,
				Base,
				"zh-Hans",
			);
			mainGroup = A858116A29FBAA4500406187;
			productRefGroup = A858117429FBAA4500406187 /* Products */;
			projectDirPath = "";
			projectRoot = "";
			targets = (
				A858117229FBAA4500406187 /* JPMCChallenge */,
				A858118B29FBAA4600406187 /* JPMCChallengeTests */,
				A858119529FBAA4600406187 /* JPMCChallengeUITests */,
			);
		};
/* End PBXProject section */

/* Begin PBXResourcesBuildPhase section */
		A858117129FBAA4500406187 /* Resources */ = {
			isa = PBXResourcesBuildPhase;
			buildActionMask = 2147483647;
			files = (
				A8CA22A429FFAF52001EE086 /* PlanetList.strings in Resources */,
				A858118629FBAA4600406187 /* LaunchScreen.storyboard in Resources */,
				A858118329FBAA4600406187 /* Assets.xcassets in Resources */,
				A858117E29FBAA4500406187 /* Main.storyboard in Resources */,
			);
			runOnlyForDeploymentPostprocessing = 0;
		};
		A858118A29FBAA4600406187 /* Resources */ = {
			isa = PBXResourcesBuildPhase;
			buildActionMask = 2147483647;
			files = (
			);
			runOnlyForDeploymentPostprocessing = 0;
		};
		A858119429FBAA4600406187 /* Resources */ = {
			isa = PBXResourcesBuildPhase;
			buildActionMask = 2147483647;
			files = (
			);
			runOnlyForDeploymentPostprocessing = 0;
		};
/* End PBXResourcesBuildPhase section */

/* Begin PBXSourcesBuildPhase section */
		A858116F29FBAA4500406187 /* Sources */ = {
			isa = PBXSourcesBuildPhase;
			buildActionMask = 2147483647;
			files = (
				A8CA22C52A03792B001EE086 /* PlanetStore.xcdatamodeld in Sources */,
				A8CA22B129FFFCFE001EE086 /* PlanetListViewModel.swift in Sources */,
				A8A5E48829FE2C83002ACC4D /* PlanetLoader.swift in Sources */,
				A8A5E48A29FE2D37002ACC4D /* RemotePlanetLoader.swift in Sources */,
				A810DC652A04A76A00314DD0 /* LocalPlanetLoader.swift in Sources */,
				A8CA229E29FFA8DF001EE086 /* PlanetListViewTableViewCell.swift in Sources */,
				A8CA22D72A03B3DA001EE086 /* ManagedCache.swift in Sources */,
				A8CA22AC29FFD30E001EE086 /* Localized+PlanetList.swift in Sources */,
				A8CA22B32A00BD35001EE086 /* MainQueueDispatchDecorator.swift in Sources */,
				A8A5E48029FCE09F002ACC4D /* PlanetItemsMapper.swift in Sources */,
				A8CA22C02A025A90001EE086 /* UITableView+Dequeueing.swift in Sources */,
				A858117729FBAA4500406187 /* AppDelegate.swift in Sources */,
				A8A5E48329FCEB9F002ACC4D /* Planet.swift in Sources */,
				A810DC672A04CB6600314DD0 /* URLTransformer.swift in Sources */,
				A8CA22CD2A03A6E0001EE086 /* LocalPlanet.swift in Sources */,
				A8CA22CB2A039942001EE086 /* ManagedPlanet.swift in Sources */,
				A8CA22CF2A03AD36001EE086 /* CoreDataPlanetStore.swift in Sources */,
				A8CA22BE2A025799001EE086 /* PlanetCellController.swift in Sources */,
				A8A5E46B29FCD77D002ACC4D /* HTTPClient.swift in Sources */,
				A8CA22AF29FFFC7D001EE086 /* PlanetUIComposer.swift in Sources */,
				A8CA229A29FFA4BF001EE086 /* PlanetListViewController.swift in Sources */,
				A8CA22D12A03AF14001EE086 /* CoreDataHelpers.swift in Sources */,
				A858117929FBAA4500406187 /* SceneDelegate.swift in Sources */,
				A858118129FBAA4500406187 /* JPMCChallenge.xcdatamodeld in Sources */,
				A8CA22D52A03AF74001EE086 /* PlanetStore.swift in Sources */,
				A8CA22B82A0102E5001EE086 /* UITableView+HeaderSizing.swift in Sources */,
				A8CA22BA2A01046B001EE086 /* PlanetViewModel.swift in Sources */,
				A8A5E48629FCF8D4002ACC4D /* HTTPURLResponse+StatusCode.swift in Sources */,
				A8CA22AA29FFBC6C001EE086 /* Localized.swift in Sources */,
				A8A5E47429FCDC34002ACC4D /* URLSessionHTTPClient.swift in Sources */,
			);
			runOnlyForDeploymentPostprocessing = 0;
		};
		A858118829FBAA4600406187 /* Sources */ = {
			isa = PBXSourcesBuildPhase;
			buildActionMask = 2147483647;
			files = (
				A810DC5A2A03EE1A00314DD0 /* XCTestCase+PlanetStoreSpecs.swift in Sources */,
				A810DC632A049CA100314DD0 /* PlanetStoreSpy.swift in Sources */,
				A8A5E48D29FE3002002ACC4D /* RemotePlanetLoaderTests.swift in Sources */,
				A810DC5C2A03EE9200314DD0 /* PlanetCacheTestHelpers.swift in Sources */,
				A8A5E47829FCDDA3002ACC4D /* URLSessionHTTPClientTests.swift in Sources */,
				A8A5E47D29FCDE14002ACC4D /* XCTestCase+MemoryLeakTracking.swift in Sources */,
				A810DC5E2A049B4800314DD0 /* CoreDataPlanetStoreTests.swift in Sources */,
				A8A5E47129FCDBBF002ACC4D /* URLProtocolStub.swift in Sources */,
				A810DC582A03DDE600314DD0 /* PlanetStoreSpecs.swift in Sources */,
				A810DC602A049BEE00314DD0 /* CachePlanetUseCaseTests.swift in Sources */,
				A8A5E47B29FCDDDF002ACC4D /* SharedTestHelpers.swift in Sources */,
			);
			runOnlyForDeploymentPostprocessing = 0;
		};
		A858119229FBAA4600406187 /* Sources */ = {
			isa = PBXSourcesBuildPhase;
			buildActionMask = 2147483647;
			files = (
				A858119D29FBAA4600406187 /* JPMCChallengeUITestsLaunchTests.swift in Sources */,
				A858119B29FBAA4600406187 /* JPMCChallengeUITests.swift in Sources */,
			);
			runOnlyForDeploymentPostprocessing = 0;
		};
/* End PBXSourcesBuildPhase section */

/* Begin PBXTargetDependency section */
		A858118E29FBAA4600406187 /* PBXTargetDependency */ = {
			isa = PBXTargetDependency;
			target = A858117229FBAA4500406187 /* JPMCChallenge */;
			targetProxy = A858118D29FBAA4600406187 /* PBXContainerItemProxy */;
		};
		A858119829FBAA4600406187 /* PBXTargetDependency */ = {
			isa = PBXTargetDependency;
			target = A858117229FBAA4500406187 /* JPMCChallenge */;
			targetProxy = A858119729FBAA4600406187 /* PBXContainerItemProxy */;
		};
/* End PBXTargetDependency section */

/* Begin PBXVariantGroup section */
		A858117C29FBAA4500406187 /* Main.storyboard */ = {
			isa = PBXVariantGroup;
			children = (
				A858117D29FBAA4500406187 /* Base */,
				A8CA22A029FFAEEF001EE086 /* zh-Hans */,
			);
			name = Main.storyboard;
			sourceTree = "<group>";
		};
		A858118429FBAA4600406187 /* LaunchScreen.storyboard */ = {
			isa = PBXVariantGroup;
			children = (
				A858118529FBAA4600406187 /* Base */,
				A8CA22A129FFAEEF001EE086 /* zh-Hans */,
			);
			name = LaunchScreen.storyboard;
			sourceTree = "<group>";
		};
		A8CA22A629FFAF52001EE086 /* PlanetList.strings */ = {
			isa = PBXVariantGroup;
			children = (
				A8CA22A529FFAF52001EE086 /* en */,
				A8CA22A729FFAF54001EE086 /* zh-Hans */,
			);
			name = PlanetList.strings;
			sourceTree = "<group>";
		};
/* End PBXVariantGroup section */

/* Begin XCBuildConfiguration section */
		A858119E29FBAA4600406187 /* Debug */ = {
			isa = XCBuildConfiguration;
			buildSettings = {
				ALWAYS_SEARCH_USER_PATHS = NO;
				CLANG_ANALYZER_LOCALIZABILITY_NONLOCALIZED = YES;
				CLANG_ANALYZER_NONNULL = YES;
				CLANG_ANALYZER_NUMBER_OBJECT_CONVERSION = YES_AGGRESSIVE;
				CLANG_CXX_LANGUAGE_STANDARD = "gnu++20";
				CLANG_ENABLE_MODULES = YES;
				CLANG_ENABLE_OBJC_ARC = YES;
				CLANG_ENABLE_OBJC_WEAK = YES;
				CLANG_WARN_BLOCK_CAPTURE_AUTORELEASING = YES;
				CLANG_WARN_BOOL_CONVERSION = YES;
				CLANG_WARN_COMMA = YES;
				CLANG_WARN_CONSTANT_CONVERSION = YES;
				CLANG_WARN_DEPRECATED_OBJC_IMPLEMENTATIONS = YES;
				CLANG_WARN_DIRECT_OBJC_ISA_USAGE = YES_ERROR;
				CLANG_WARN_DOCUMENTATION_COMMENTS = YES;
				CLANG_WARN_EMPTY_BODY = YES;
				CLANG_WARN_ENUM_CONVERSION = YES;
				CLANG_WARN_INFINITE_RECURSION = YES;
				CLANG_WARN_INT_CONVERSION = YES;
				CLANG_WARN_NON_LITERAL_NULL_CONVERSION = YES;
				CLANG_WARN_OBJC_IMPLICIT_RETAIN_SELF = YES;
				CLANG_WARN_OBJC_LITERAL_CONVERSION = YES;
				CLANG_WARN_OBJC_ROOT_CLASS = YES_ERROR;
				CLANG_WARN_QUOTED_INCLUDE_IN_FRAMEWORK_HEADER = YES;
				CLANG_WARN_RANGE_LOOP_ANALYSIS = YES;
				CLANG_WARN_STRICT_PROTOTYPES = YES;
				CLANG_WARN_SUSPICIOUS_MOVE = YES;
				CLANG_WARN_UNGUARDED_AVAILABILITY = YES_AGGRESSIVE;
				CLANG_WARN_UNREACHABLE_CODE = YES;
				CLANG_WARN__DUPLICATE_METHOD_MATCH = YES;
				COPY_PHASE_STRIP = NO;
				DEBUG_INFORMATION_FORMAT = dwarf;
				ENABLE_STRICT_OBJC_MSGSEND = YES;
				ENABLE_TESTABILITY = YES;
				GCC_C_LANGUAGE_STANDARD = gnu11;
				GCC_DYNAMIC_NO_PIC = NO;
				GCC_NO_COMMON_BLOCKS = YES;
				GCC_OPTIMIZATION_LEVEL = 0;
				GCC_PREPROCESSOR_DEFINITIONS = (
					"DEBUG=1",
					"$(inherited)",
				);
				GCC_WARN_64_TO_32_BIT_CONVERSION = YES;
				GCC_WARN_ABOUT_RETURN_TYPE = YES_ERROR;
				GCC_WARN_UNDECLARED_SELECTOR = YES;
				GCC_WARN_UNINITIALIZED_AUTOS = YES_AGGRESSIVE;
				GCC_WARN_UNUSED_FUNCTION = YES;
				GCC_WARN_UNUSED_VARIABLE = YES;
				IPHONEOS_DEPLOYMENT_TARGET = 16.2;
				MTL_ENABLE_DEBUG_INFO = INCLUDE_SOURCE;
				MTL_FAST_MATH = YES;
				ONLY_ACTIVE_ARCH = YES;
				SDKROOT = iphoneos;
				SWIFT_ACTIVE_COMPILATION_CONDITIONS = DEBUG;
				SWIFT_OPTIMIZATION_LEVEL = "-Onone";
			};
			name = Debug;
		};
		A858119F29FBAA4600406187 /* Release */ = {
			isa = XCBuildConfiguration;
			buildSettings = {
				ALWAYS_SEARCH_USER_PATHS = NO;
				CLANG_ANALYZER_LOCALIZABILITY_NONLOCALIZED = YES;
				CLANG_ANALYZER_NONNULL = YES;
				CLANG_ANALYZER_NUMBER_OBJECT_CONVERSION = YES_AGGRESSIVE;
				CLANG_CXX_LANGUAGE_STANDARD = "gnu++20";
				CLANG_ENABLE_MODULES = YES;
				CLANG_ENABLE_OBJC_ARC = YES;
				CLANG_ENABLE_OBJC_WEAK = YES;
				CLANG_WARN_BLOCK_CAPTURE_AUTORELEASING = YES;
				CLANG_WARN_BOOL_CONVERSION = YES;
				CLANG_WARN_COMMA = YES;
				CLANG_WARN_CONSTANT_CONVERSION = YES;
				CLANG_WARN_DEPRECATED_OBJC_IMPLEMENTATIONS = YES;
				CLANG_WARN_DIRECT_OBJC_ISA_USAGE = YES_ERROR;
				CLANG_WARN_DOCUMENTATION_COMMENTS = YES;
				CLANG_WARN_EMPTY_BODY = YES;
				CLANG_WARN_ENUM_CONVERSION = YES;
				CLANG_WARN_INFINITE_RECURSION = YES;
				CLANG_WARN_INT_CONVERSION = YES;
				CLANG_WARN_NON_LITERAL_NULL_CONVERSION = YES;
				CLANG_WARN_OBJC_IMPLICIT_RETAIN_SELF = YES;
				CLANG_WARN_OBJC_LITERAL_CONVERSION = YES;
				CLANG_WARN_OBJC_ROOT_CLASS = YES_ERROR;
				CLANG_WARN_QUOTED_INCLUDE_IN_FRAMEWORK_HEADER = YES;
				CLANG_WARN_RANGE_LOOP_ANALYSIS = YES;
				CLANG_WARN_STRICT_PROTOTYPES = YES;
				CLANG_WARN_SUSPICIOUS_MOVE = YES;
				CLANG_WARN_UNGUARDED_AVAILABILITY = YES_AGGRESSIVE;
				CLANG_WARN_UNREACHABLE_CODE = YES;
				CLANG_WARN__DUPLICATE_METHOD_MATCH = YES;
				COPY_PHASE_STRIP = NO;
				DEBUG_INFORMATION_FORMAT = "dwarf-with-dsym";
				ENABLE_NS_ASSERTIONS = NO;
				ENABLE_STRICT_OBJC_MSGSEND = YES;
				GCC_C_LANGUAGE_STANDARD = gnu11;
				GCC_NO_COMMON_BLOCKS = YES;
				GCC_WARN_64_TO_32_BIT_CONVERSION = YES;
				GCC_WARN_ABOUT_RETURN_TYPE = YES_ERROR;
				GCC_WARN_UNDECLARED_SELECTOR = YES;
				GCC_WARN_UNINITIALIZED_AUTOS = YES_AGGRESSIVE;
				GCC_WARN_UNUSED_FUNCTION = YES;
				GCC_WARN_UNUSED_VARIABLE = YES;
				IPHONEOS_DEPLOYMENT_TARGET = 16.2;
				MTL_ENABLE_DEBUG_INFO = NO;
				MTL_FAST_MATH = YES;
				SDKROOT = iphoneos;
				SWIFT_COMPILATION_MODE = wholemodule;
				SWIFT_OPTIMIZATION_LEVEL = "-O";
				VALIDATE_PRODUCT = YES;
			};
			name = Release;
		};
		A85811A129FBAA4600406187 /* Debug */ = {
			isa = XCBuildConfiguration;
			buildSettings = {
				ASSETCATALOG_COMPILER_APPICON_NAME = AppIcon;
				ASSETCATALOG_COMPILER_GLOBAL_ACCENT_COLOR_NAME = AccentColor;
				CODE_SIGN_STYLE = Automatic;
				CURRENT_PROJECT_VERSION = 1;
				DEVELOPMENT_TEAM = LYFS9UP88S;
				GENERATE_INFOPLIST_FILE = YES;
				INFOPLIST_FILE = JPMCChallenge/Info.plist;
				INFOPLIST_KEY_UIApplicationSupportsIndirectInputEvents = YES;
				INFOPLIST_KEY_UILaunchStoryboardName = LaunchScreen;
				INFOPLIST_KEY_UIMainStoryboardFile = Main;
				INFOPLIST_KEY_UISupportedInterfaceOrientations_iPad = "UIInterfaceOrientationPortrait UIInterfaceOrientationPortraitUpsideDown UIInterfaceOrientationLandscapeLeft UIInterfaceOrientationLandscapeRight";
				INFOPLIST_KEY_UISupportedInterfaceOrientations_iPhone = "UIInterfaceOrientationPortrait UIInterfaceOrientationLandscapeLeft UIInterfaceOrientationLandscapeRight";
				IPHONEOS_DEPLOYMENT_TARGET = 15.0;
				LD_RUNPATH_SEARCH_PATHS = (
					"$(inherited)",
					"@executable_path/Frameworks",
				);
				MARKETING_VERSION = 1.0;
				PRODUCT_BUNDLE_IDENTIFIER = "Brook-Ma.JPMCChallenge";
				PRODUCT_NAME = "$(TARGET_NAME)";
				SWIFT_EMIT_LOC_STRINGS = YES;
				SWIFT_VERSION = 5.0;
				TARGETED_DEVICE_FAMILY = "1,2";
			};
			name = Debug;
		};
		A85811A229FBAA4600406187 /* Release */ = {
			isa = XCBuildConfiguration;
			buildSettings = {
				ASSETCATALOG_COMPILER_APPICON_NAME = AppIcon;
				ASSETCATALOG_COMPILER_GLOBAL_ACCENT_COLOR_NAME = AccentColor;
				CODE_SIGN_STYLE = Automatic;
				CURRENT_PROJECT_VERSION = 1;
				DEVELOPMENT_TEAM = LYFS9UP88S;
				GENERATE_INFOPLIST_FILE = YES;
				INFOPLIST_FILE = JPMCChallenge/Info.plist;
				INFOPLIST_KEY_UIApplicationSupportsIndirectInputEvents = YES;
				INFOPLIST_KEY_UILaunchStoryboardName = LaunchScreen;
				INFOPLIST_KEY_UIMainStoryboardFile = Main;
				INFOPLIST_KEY_UISupportedInterfaceOrientations_iPad = "UIInterfaceOrientationPortrait UIInterfaceOrientationPortraitUpsideDown UIInterfaceOrientationLandscapeLeft UIInterfaceOrientationLandscapeRight";
				INFOPLIST_KEY_UISupportedInterfaceOrientations_iPhone = "UIInterfaceOrientationPortrait UIInterfaceOrientationLandscapeLeft UIInterfaceOrientationLandscapeRight";
				IPHONEOS_DEPLOYMENT_TARGET = 15.0;
				LD_RUNPATH_SEARCH_PATHS = (
					"$(inherited)",
					"@executable_path/Frameworks",
				);
				MARKETING_VERSION = 1.0;
				PRODUCT_BUNDLE_IDENTIFIER = "Brook-Ma.JPMCChallenge";
				PRODUCT_NAME = "$(TARGET_NAME)";
				SWIFT_EMIT_LOC_STRINGS = YES;
				SWIFT_VERSION = 5.0;
				TARGETED_DEVICE_FAMILY = "1,2";
			};
			name = Release;
		};
		A85811A429FBAA4600406187 /* Debug */ = {
			isa = XCBuildConfiguration;
			buildSettings = {
				ALWAYS_EMBED_SWIFT_STANDARD_LIBRARIES = YES;
				BUNDLE_LOADER = "$(TEST_HOST)";
				CODE_SIGN_STYLE = Automatic;
				CURRENT_PROJECT_VERSION = 1;
				DEVELOPMENT_TEAM = LYFS9UP88S;
				GENERATE_INFOPLIST_FILE = YES;
				IPHONEOS_DEPLOYMENT_TARGET = 16.2;
				MARKETING_VERSION = 1.0;
				PRODUCT_BUNDLE_IDENTIFIER = "Brook-Ma.JPMCChallengeTests";
				PRODUCT_NAME = "$(TARGET_NAME)";
				SWIFT_EMIT_LOC_STRINGS = NO;
				SWIFT_VERSION = 5.0;
				TARGETED_DEVICE_FAMILY = "1,2";
				TEST_HOST = "$(BUILT_PRODUCTS_DIR)/JPMCChallenge.app/$(BUNDLE_EXECUTABLE_FOLDER_PATH)/JPMCChallenge";
			};
			name = Debug;
		};
		A85811A529FBAA4600406187 /* Release */ = {
			isa = XCBuildConfiguration;
			buildSettings = {
				ALWAYS_EMBED_SWIFT_STANDARD_LIBRARIES = YES;
				BUNDLE_LOADER = "$(TEST_HOST)";
				CODE_SIGN_STYLE = Automatic;
				CURRENT_PROJECT_VERSION = 1;
				DEVELOPMENT_TEAM = LYFS9UP88S;
				GENERATE_INFOPLIST_FILE = YES;
				IPHONEOS_DEPLOYMENT_TARGET = 16.2;
				MARKETING_VERSION = 1.0;
				PRODUCT_BUNDLE_IDENTIFIER = "Brook-Ma.JPMCChallengeTests";
				PRODUCT_NAME = "$(TARGET_NAME)";
				SWIFT_EMIT_LOC_STRINGS = NO;
				SWIFT_VERSION = 5.0;
				TARGETED_DEVICE_FAMILY = "1,2";
				TEST_HOST = "$(BUILT_PRODUCTS_DIR)/JPMCChallenge.app/$(BUNDLE_EXECUTABLE_FOLDER_PATH)/JPMCChallenge";
			};
			name = Release;
		};
		A85811A729FBAA4600406187 /* Debug */ = {
			isa = XCBuildConfiguration;
			buildSettings = {
				ALWAYS_EMBED_SWIFT_STANDARD_LIBRARIES = YES;
				CODE_SIGN_STYLE = Automatic;
				CURRENT_PROJECT_VERSION = 1;
				DEVELOPMENT_TEAM = LYFS9UP88S;
				GENERATE_INFOPLIST_FILE = YES;
				MARKETING_VERSION = 1.0;
				PRODUCT_BUNDLE_IDENTIFIER = "Brook-Ma.JPMCChallengeUITests";
				PRODUCT_NAME = "$(TARGET_NAME)";
				SWIFT_EMIT_LOC_STRINGS = NO;
				SWIFT_VERSION = 5.0;
				TARGETED_DEVICE_FAMILY = "1,2";
				TEST_TARGET_NAME = JPMCChallenge;
			};
			name = Debug;
		};
		A85811A829FBAA4600406187 /* Release */ = {
			isa = XCBuildConfiguration;
			buildSettings = {
				ALWAYS_EMBED_SWIFT_STANDARD_LIBRARIES = YES;
				CODE_SIGN_STYLE = Automatic;
				CURRENT_PROJECT_VERSION = 1;
				DEVELOPMENT_TEAM = LYFS9UP88S;
				GENERATE_INFOPLIST_FILE = YES;
				MARKETING_VERSION = 1.0;
				PRODUCT_BUNDLE_IDENTIFIER = "Brook-Ma.JPMCChallengeUITests";
				PRODUCT_NAME = "$(TARGET_NAME)";
				SWIFT_EMIT_LOC_STRINGS = NO;
				SWIFT_VERSION = 5.0;
				TARGETED_DEVICE_FAMILY = "1,2";
				TEST_TARGET_NAME = JPMCChallenge;
			};
			name = Release;
		};
/* End XCBuildConfiguration section */

/* Begin XCConfigurationList section */
		A858116E29FBAA4500406187 /* Build configuration list for PBXProject "JPMCChallenge" */ = {
			isa = XCConfigurationList;
			buildConfigurations = (
				A858119E29FBAA4600406187 /* Debug */,
				A858119F29FBAA4600406187 /* Release */,
			);
			defaultConfigurationIsVisible = 0;
			defaultConfigurationName = Release;
		};
		A85811A029FBAA4600406187 /* Build configuration list for PBXNativeTarget "JPMCChallenge" */ = {
			isa = XCConfigurationList;
			buildConfigurations = (
				A85811A129FBAA4600406187 /* Debug */,
				A85811A229FBAA4600406187 /* Release */,
			);
			defaultConfigurationIsVisible = 0;
			defaultConfigurationName = Release;
		};
		A85811A329FBAA4600406187 /* Build configuration list for PBXNativeTarget "JPMCChallengeTests" */ = {
			isa = XCConfigurationList;
			buildConfigurations = (
				A85811A429FBAA4600406187 /* Debug */,
				A85811A529FBAA4600406187 /* Release */,
			);
			defaultConfigurationIsVisible = 0;
			defaultConfigurationName = Release;
		};
		A85811A629FBAA4600406187 /* Build configuration list for PBXNativeTarget "JPMCChallengeUITests" */ = {
			isa = XCConfigurationList;
			buildConfigurations = (
				A85811A729FBAA4600406187 /* Debug */,
				A85811A829FBAA4600406187 /* Release */,
			);
			defaultConfigurationIsVisible = 0;
			defaultConfigurationName = Release;
		};
/* End XCConfigurationList section */

/* Begin XCVersionGroup section */
		A858117F29FBAA4500406187 /* JPMCChallenge.xcdatamodeld */ = {
			isa = XCVersionGroup;
			children = (
				A858118029FBAA4500406187 /* JPMCChallenge.xcdatamodel */,
			);
			currentVersion = A858118029FBAA4500406187 /* JPMCChallenge.xcdatamodel */;
			path = JPMCChallenge.xcdatamodeld;
			sourceTree = "<group>";
			versionGroupType = wrapper.xcdatamodel;
		};
		A8CA22C32A03792B001EE086 /* PlanetStore.xcdatamodeld */ = {
			isa = XCVersionGroup;
			children = (
				A8CA22C42A03792B001EE086 /* CoreDataPlanetStore.xcdatamodel */,
			);
			currentVersion = A8CA22C42A03792B001EE086 /* CoreDataPlanetStore.xcdatamodel */;
			path = PlanetStore.xcdatamodeld;
			sourceTree = "<group>";
			versionGroupType = wrapper.xcdatamodel;
		};
/* End XCVersionGroup section */
	};
	rootObject = A858116B29FBAA4500406187 /* Project object */;
}
